// !$*UTF8*$!
{
	archiveVersion = 1;
	classes = {
	};
	objectVersion = 46;
	objects = {

/* Begin PBXBuildFile section */
		A21919F11B72A3D00092693F /* AppDelegate.swift in Sources */ = {isa = PBXBuildFile; fileRef = A21919F01B72A3D00092693F /* AppDelegate.swift */; };
		A21919F31B72A3D00092693F /* ViewController.swift in Sources */ = {isa = PBXBuildFile; fileRef = A21919F21B72A3D00092693F /* ViewController.swift */; };
		A21919F61B72A3D00092693F /* Main.storyboard in Resources */ = {isa = PBXBuildFile; fileRef = A21919F41B72A3D00092693F /* Main.storyboard */; };
		A21919F81B72A3D00092693F /* Images.xcassets in Resources */ = {isa = PBXBuildFile; fileRef = A21919F71B72A3D00092693F /* Images.xcassets */; };
		A21919FB1B72A3D00092693F /* LaunchScreen.xib in Resources */ = {isa = PBXBuildFile; fileRef = A21919F91B72A3D00092693F /* LaunchScreen.xib */; };
		A22748F41B83784E00B47B2B /* img1.jpg in Resources */ = {isa = PBXBuildFile; fileRef = A22748F31B83784E00B47B2B /* img1.jpg */; };
		A25CB8541B7FB90D00956721 /* SettingsViewController.swift in Sources */ = {isa = PBXBuildFile; fileRef = A25CB8531B7FB90D00956721 /* SettingsViewController.swift */; };
		A268F4321B7D092B00C85268 /* InfoScreenViewController.swift in Sources */ = {isa = PBXBuildFile; fileRef = A268F4311B7D092B00C85268 /* InfoScreenViewController.swift */; };
		A2A9C5361B78FA7000C0E958 /* Forecast.swift in Sources */ = {isa = PBXBuildFile; fileRef = A2A9C5351B78FA7000C0E958 /* Forecast.swift */; };
		A2DB47AE1B813C4400BF7ACD /* LocationForecastTableViewCell.swift in Sources */ = {isa = PBXBuildFile; fileRef = A2DB47AD1B813C4400BF7ACD /* LocationForecastTableViewCell.swift */; };
/* End PBXBuildFile section */

/* Begin PBXFileReference section */
		A21919EB1B72A3D00092693F /* Weather app.app */ = {isa = PBXFileReference; explicitFileType = wrapper.application; includeInIndex = 0; path = "Weather app.app"; sourceTree = BUILT_PRODUCTS_DIR; };
		A21919EF1B72A3D00092693F /* Info.plist */ = {isa = PBXFileReference; lastKnownFileType = text.plist.xml; path = Info.plist; sourceTree = "<group>"; };
		A21919F01B72A3D00092693F /* AppDelegate.swift */ = {isa = PBXFileReference; lastKnownFileType = sourcecode.swift; path = AppDelegate.swift; sourceTree = "<group>"; };
		A21919F21B72A3D00092693F /* ViewController.swift */ = {isa = PBXFileReference; lastKnownFileType = sourcecode.swift; path = ViewController.swift; sourceTree = "<group>"; };
		A21919F51B72A3D00092693F /* Base */ = {isa = PBXFileReference; lastKnownFileType = file.storyboard; name = Base; path = Base.lproj/Main.storyboard; sourceTree = "<group>"; };
		A21919F71B72A3D00092693F /* Images.xcassets */ = {isa = PBXFileReference; lastKnownFileType = folder.assetcatalog; path = Images.xcassets; sourceTree = "<group>"; };
		A21919FA1B72A3D00092693F /* Base */ = {isa = PBXFileReference; lastKnownFileType = file.xib; name = Base; path = Base.lproj/LaunchScreen.xib; sourceTree = "<group>"; };
		A22748F31B83784E00B47B2B /* img1.jpg */ = {isa = PBXFileReference; lastKnownFileType = image.jpeg; path = img1.jpg; sourceTree = "<group>"; };
		A25CB8531B7FB90D00956721 /* SettingsViewController.swift */ = {isa = PBXFileReference; fileEncoding = 4; lastKnownFileType = sourcecode.swift; path = SettingsViewController.swift; sourceTree = "<group>"; };
		A268F4311B7D092B00C85268 /* InfoScreenViewController.swift */ = {isa = PBXFileReference; fileEncoding = 4; lastKnownFileType = sourcecode.swift; path = InfoScreenViewController.swift; sourceTree = "<group>"; };
		A2A9C5351B78FA7000C0E958 /* Forecast.swift */ = {isa = PBXFileReference; fileEncoding = 4; lastKnownFileType = sourcecode.swift; path = Forecast.swift; sourceTree = "<group>"; };
		A2DB47AD1B813C4400BF7ACD /* LocationForecastTableViewCell.swift */ = {isa = PBXFileReference; fileEncoding = 4; lastKnownFileType = sourcecode.swift; path = LocationForecastTableViewCell.swift; sourceTree = "<group>"; };
/* End PBXFileReference section */

/* Begin PBXFrameworksBuildPhase section */
		A21919E81B72A3D00092693F /* Frameworks */ = {
			isa = PBXFrameworksBuildPhase;
			buildActionMask = 2147483647;
			files = (
			);
			runOnlyForDeploymentPostprocessing = 0;
		};
/* End PBXFrameworksBuildPhase section */

/* Begin PBXGroup section */
		A21919E21B72A3D00092693F = {
			isa = PBXGroup;
			children = (
				A21919ED1B72A3D00092693F /* Weather app */,
				A21919EC1B72A3D00092693F /* Products */,
			);
			sourceTree = "<group>";
		};
		A21919EC1B72A3D00092693F /* Products */ = {
			isa = PBXGroup;
			children = (
				A21919EB1B72A3D00092693F /* Weather app.app */,
			);
			name = Products;
			sourceTree = "<group>";
		};
		A21919ED1B72A3D00092693F /* Weather app */ = {
			isa = PBXGroup;
			children = (
				A29566F61B8276B200627D69 /* Images */,
				A21919F21B72A3D00092693F /* ViewController.swift */,
				A21919F41B72A3D00092693F /* Main.storyboard */,
				A2DB47AD1B813C4400BF7ACD /* LocationForecastTableViewCell.swift */,
				A2A9C5351B78FA7000C0E958 /* Forecast.swift */,
				A268F4311B7D092B00C85268 /* InfoScreenViewController.swift */,
				A25CB8531B7FB90D00956721 /* SettingsViewController.swift */,
				A21919F91B72A3D00092693F /* LaunchScreen.xib */,
				A21919F71B72A3D00092693F /* Images.xcassets */,
				A21919EE1B72A3D00092693F /* Supporting Files */,
			);
			path = "Weather app";
			sourceTree = "<group>";
		};
		A21919EE1B72A3D00092693F /* Supporting Files */ = {
			isa = PBXGroup;
			children = (
				A21919F01B72A3D00092693F /* AppDelegate.swift */,
				A21919EF1B72A3D00092693F /* Info.plist */,
			);
			name = "Supporting Files";
			sourceTree = "<group>";
		};
		A29566F61B8276B200627D69 /* Images */ = {
			isa = PBXGroup;
			children = (
				A22748F31B83784E00B47B2B /* img1.jpg */,
			);
			name = Images;
			sourceTree = "<group>";
		};
/* End PBXGroup section */

/* Begin PBXNativeTarget section */
		A21919EA1B72A3D00092693F /* Weather app */ = {
			isa = PBXNativeTarget;
			buildConfigurationList = A2191A0A1B72A3D10092693F /* Build configuration list for PBXNativeTarget "Weather app" */;
			buildPhases = (
				A21919E71B72A3D00092693F /* Sources */,
				A21919E81B72A3D00092693F /* Frameworks */,
				A21919E91B72A3D00092693F /* Resources */,
			);
			buildRules = (
			);
			dependencies = (
			);
			name = "Weather app";
			productName = "Weather app";
			productReference = A21919EB1B72A3D00092693F /* Weather app.app */;
			productType = "com.apple.product-type.application";
		};
/* End PBXNativeTarget section */

/* Begin PBXProject section */
		A21919E31B72A3D00092693F /* Project object */ = {
			isa = PBXProject;
			attributes = {
				LastSwiftMigration = 0700;
				LastSwiftUpdateCheck = 0700;
				LastUpgradeCheck = 0700;
				ORGANIZATIONNAME = "Sjors Roelofs";
				TargetAttributes = {
					A21919EA1B72A3D00092693F = {
						CreatedOnToolsVersion = 6.4;
						DevelopmentTeam = 6U3SG8ULB3;
					};
				};
			};
			buildConfigurationList = A21919E61B72A3D00092693F /* Build configuration list for PBXProject "Weather app" */;
			compatibilityVersion = "Xcode 3.2";
			developmentRegion = English;
			hasScannedForEncodings = 0;
			knownRegions = (
				en,
				Base,
			);
			mainGroup = A21919E21B72A3D00092693F;
			productRefGroup = A21919EC1B72A3D00092693F /* Products */;
			projectDirPath = "";
			projectRoot = "";
			targets = (
				A21919EA1B72A3D00092693F /* Weather app */,
			);
		};
/* End PBXProject section */

/* Begin PBXResourcesBuildPhase section */
		A21919E91B72A3D00092693F /* Resources */ = {
			isa = PBXResourcesBuildPhase;
			buildActionMask = 2147483647;
			files = (
				A21919F61B72A3D00092693F /* Main.storyboard in Resources */,
				A22748F41B83784E00B47B2B /* img1.jpg in Resources */,
				A21919FB1B72A3D00092693F /* LaunchScreen.xib in Resources */,
				A21919F81B72A3D00092693F /* Images.xcassets in Resources */,
			);
			runOnlyForDeploymentPostprocessing = 0;
		};
/* End PBXResourcesBuildPhase section */

/* Begin PBXSourcesBuildPhase section */
		A21919E71B72A3D00092693F /* Sources */ = {
			isa = PBXSourcesBuildPhase;
			buildActionMask = 2147483647;
			files = (
				A268F4321B7D092B00C85268 /* InfoScreenViewController.swift in Sources */,
				A21919F31B72A3D00092693F /* ViewController.swift in Sources */,
				A2A9C5361B78FA7000C0E958 /* Forecast.swift in Sources */,
				A25CB8541B7FB90D00956721 /* SettingsViewController.swift in Sources */,
				A21919F11B72A3D00092693F /* AppDelegate.swift in Sources */,
				A2DB47AE1B813C4400BF7ACD /* LocationForecastTableViewCell.swift in Sources */,
			);
			runOnlyForDeploymentPostprocessing = 0;
		};
/* End PBXSourcesBuildPhase section */

/* Begin PBXVariantGroup section */
		A21919F41B72A3D00092693F /* Main.storyboard */ = {
			isa = PBXVariantGroup;
			children = (
				A21919F51B72A3D00092693F /* Base */,
			);
			name = Main.storyboard;
			sourceTree = "<group>";
		};
		A21919F91B72A3D00092693F /* LaunchScreen.xib */ = {
			isa = PBXVariantGroup;
			children = (
				A21919FA1B72A3D00092693F /* Base */,
			);
			name = LaunchScreen.xib;
			sourceTree = "<group>";
		};
/* End PBXVariantGroup section */

/* Begin XCBuildConfiguration section */
		A2191A081B72A3D10092693F /* Debug */ = {
			isa = XCBuildConfiguration;
			buildSettings = {
				ALWAYS_SEARCH_USER_PATHS = NO;
				CLANG_CXX_LANGUAGE_STANDARD = "gnu++0x";
				CLANG_CXX_LIBRARY = "libc++";
				CLANG_ENABLE_MODULES = YES;
				CLANG_ENABLE_OBJC_ARC = YES;
				CLANG_WARN_BOOL_CONVERSION = YES;
				CLANG_WARN_CONSTANT_CONVERSION = YES;
				CLANG_WARN_DIRECT_OBJC_ISA_USAGE = YES_ERROR;
				CLANG_WARN_EMPTY_BODY = YES;
				CLANG_WARN_ENUM_CONVERSION = YES;
				CLANG_WARN_INT_CONVERSION = YES;
				CLANG_WARN_OBJC_ROOT_CLASS = YES_ERROR;
				CLANG_WARN_UNREACHABLE_CODE = YES;
				CLANG_WARN__DUPLICATE_METHOD_MATCH = YES;
				"CODE_SIGN_IDENTITY[sdk=iphoneos*]" = "iPhone Developer";
				COPY_PHASE_STRIP = NO;
				DEBUG_INFORMATION_FORMAT = "dwarf-with-dsym";
				ENABLE_STRICT_OBJC_MSGSEND = YES;
				ENABLE_TESTABILITY = NO;
				GCC_C_LANGUAGE_STANDARD = gnu99;
				GCC_DYNAMIC_NO_PIC = NO;
				GCC_NO_COMMON_BLOCKS = YES;
				GCC_OPTIMIZATION_LEVEL = 0;
				GCC_PREPROCESSOR_DEFINITIONS = (
					"DEBUG=1",
					"$(inherited)",
				);
				GCC_SYMBOLS_PRIVATE_EXTERN = NO;
				GCC_WARN_64_TO_32_BIT_CONVERSION = YES;
				GCC_WARN_ABOUT_RETURN_TYPE = YES_ERROR;
				GCC_WARN_UNDECLARED_SELECTOR = YES;
				GCC_WARN_UNINITIALIZED_AUTOS = YES_AGGRESSIVE;
				GCC_WARN_UNUSED_FUNCTION = YES;
				GCC_WARN_UNUSED_VARIABLE = YES;
				IPHONEOS_DEPLOYMENT_TARGET = 8.4;
				MTL_ENABLE_DEBUG_INFO = YES;
				ONLY_ACTIVE_ARCH = YES;
				SDKROOT = iphoneos;
				SWIFT_OPTIMIZATION_LEVEL = "-Onone";
			};
			name = Debug;
		};
		A2191A091B72A3D10092693F /* Release */ = {
			isa = XCBuildConfiguration;
			buildSettings = {
				ALWAYS_SEARCH_USER_PATHS = NO;
				CLANG_CXX_LANGUAGE_STANDARD = "gnu++0x";
				CLANG_CXX_LIBRARY = "libc++";
				CLANG_ENABLE_MODULES = YES;
				CLANG_ENABLE_OBJC_ARC = YES;
				CLANG_WARN_BOOL_CONVERSION = YES;
				CLANG_WARN_CONSTANT_CONVERSION = YES;
				CLANG_WARN_DIRECT_OBJC_ISA_USAGE = YES_ERROR;
				CLANG_WARN_EMPTY_BODY = YES;
				CLANG_WARN_ENUM_CONVERSION = YES;
				CLANG_WARN_INT_CONVERSION = YES;
				CLANG_WARN_OBJC_ROOT_CLASS = YES_ERROR;
				CLANG_WARN_UNREACHABLE_CODE = YES;
				CLANG_WARN__DUPLICATE_METHOD_MATCH = YES;
				"CODE_SIGN_IDENTITY[sdk=iphoneos*]" = "iPhone Developer";
				COPY_PHASE_STRIP = NO;
				DEBUG_INFORMATION_FORMAT = "dwarf-with-dsym";
				ENABLE_NS_ASSERTIONS = NO;
				ENABLE_STRICT_OBJC_MSGSEND = YES;
				GCC_C_LANGUAGE_STANDARD = gnu99;
				GCC_NO_COMMON_BLOCKS = YES;
				GCC_WARN_64_TO_32_BIT_CONVERSION = YES;
				GCC_WARN_ABOUT_RETURN_TYPE = YES_ERROR;
				GCC_WARN_UNDECLARED_SELECTOR = YES;
				GCC_WARN_UNINITIALIZED_AUTOS = YES_AGGRESSIVE;
				GCC_WARN_UNUSED_FUNCTION = YES;
				GCC_WARN_UNUSED_VARIABLE = YES;
				IPHONEOS_DEPLOYMENT_TARGET = 8.4;
				MTL_ENABLE_DEBUG_INFO = NO;
				SDKROOT = iphoneos;
				VALIDATE_PRODUCT = YES;
			};
			name = Release;
		};
		A2191A0B1B72A3D10092693F /* Debug */ = {
			isa = XCBuildConfiguration;
			buildSettings = {
				ASSETCATALOG_COMPILER_APPICON_NAME = AppIcon;
				CODE_SIGN_IDENTITY = "iPhone Developer";
				INFOPLIST_FILE = "Weather app/Info.plist";
				LD_RUNPATH_SEARCH_PATHS = "$(inherited) @executable_path/Frameworks";
				PRODUCT_BUNDLE_IDENTIFIER = "io.sjors.$(PRODUCT_NAME:rfc1034identifier)";
				PRODUCT_NAME = "$(TARGET_NAME)";
				TARGETED_DEVICE_FAMILY = "1,2";
			};
			name = Debug;
		};
		A2191A0C1B72A3D10092693F /* Release */ = {
			isa = XCBuildConfiguration;
			buildSettings = {
				ASSETCATALOG_COMPILER_APPICON_NAME = AppIcon;
				CODE_SIGN_IDENTITY = "iPhone Developer";
				INFOPLIST_FILE = "Weather app/Info.plist";
				LD_RUNPATH_SEARCH_PATHS = "$(inherited) @executable_path/Frameworks";
				PRODUCT_BUNDLE_IDENTIFIER = "io.sjors.$(PRODUCT_NAME:rfc1034identifier)";
				PRODUCT_NAME = "$(TARGET_NAME)";
				TARGETED_DEVICE_FAMILY = "1,2";
			};
			name = Release;
		};
/* End XCBuildConfiguration section */

/* Begin XCConfigurationList section */
		A21919E61B72A3D00092693F /* Build configuration list for PBXProject "Weather app" */ = {
			isa = XCConfigurationList;
			buildConfigurations = (
				A2191A081B72A3D10092693F /* Debug */,
				A2191A091B72A3D10092693F /* Release */,
			);
			defaultConfigurationIsVisible = 0;
			defaultConfigurationName = Release;
		};
		A2191A0A1B72A3D10092693F /* Build configuration list for PBXNativeTarget "Weather app" */ = {
			isa = XCConfigurationList;
			buildConfigurations = (
				A2191A0B1B72A3D10092693F /* Debug */,
				A2191A0C1B72A3D10092693F /* Release */,
			);
			defaultConfigurationIsVisible = 0;
			defaultConfigurationName = Release;
		};
/* End XCConfigurationList section */
	};
	rootObject = A21919E31B72A3D00092693F /* Project object */;
}
